
Microsoft Visual Studio Solution File, Format Version 12.00
# Visual Studio 2013
VisualStudioVersion = 12.0.21005.1
MinimumVisualStudioVersion = 10.0.40219.1
Project("{FAE04EC0-301F-11D3-BF4B-00C04F79EFBC}") = "27ErrorHandlingM5", "27ErrorHandlingM5\27ErrorHandlingM5.csproj", "{2AD34EAF-168D-4D5C-B88B-E425E735AFFC}"
EndProject
Global
	GlobalSection(SolutionConfigurationPlatforms) = preSolution
		Debug|Any CPU = Debug|Any CPU
		Release|Any CPU = Release|Any CPU
	EndGlobalSection
	GlobalSection(ProjectConfigurationPlatforms) = postSolution
		{2AD34EAF-168D-4D5C-B88B-E425E735AFFC}.Debug|Any CPU.ActiveCfg = Debug|Any CPU
		{2AD34EAF-168D-4D5C-B88B-E425E735AFFC}.Debug|Any CPU.Build.0 = Debug|Any CPU
		{2AD34EAF-168D-4D5C-B88B-E425E735AFFC}.Release|Any CPU.ActiveCfg = Release|Any CPU
		{2AD34EAF-168D-4D5C-B88B-E425E735AFFC}.Release|Any CPU.Build.0 = Release|Any CPU
	EndGlobalSection
	GlobalSection(SolutionProperties) = preSolution
		HideSolutionNode = FALSE
	EndGlobalSection
EndGlobal
